
Microsoft Visual Studio Solution File, Format Version 12.00
# Visual Studio Version 16
VisualStudioVersion = 16.0.31112.23
MinimumVisualStudioVersion = 10.0.40219.1
Project("{FAE04EC0-301F-11D3-BF4B-00C04F79EFBC}") = "MvpBase", "MvpBase\MvpBase.csproj", "{91987004-9986-474F-9D75-D8FC7E11BBCC}"
EndProject
Global
	GlobalSection(SolutionConfigurationPlatforms) = preSolution
		Debug|Any CPU = Debug|Any CPU
		Release|Any CPU = Release|Any CPU
	EndGlobalSection
	GlobalSection(ProjectConfigurationPlatforms) = postSolution
		{91987004-9986-474F-9D75-D8FC7E11BBCC}.Debug|Any CPU.ActiveCfg = Debug|Any CPU
		{91987004-9986-474F-9D75-D8FC7E11BBCC}.Debug|Any CPU.Build.0 = Debug|Any CPU
		{91987004-9986-474F-9D75-D8FC7E11BBCC}.Release|Any CPU.ActiveCfg = Release|Any CPU
		{91987004-9986-474F-9D75-D8FC7E11BBCC}.Release|Any CPU.Build.0 = Release|Any CPU
	EndGlobalSection
	GlobalSection(SolutionProperties) = preSolution
		HideSolutionNode = FALSE
	EndGlobalSection
	GlobalSection(ExtensibilityGlobals) = postSolution
		SolutionGuid = {6253C816-9346-4E8A-8AD0-2196CCB194A8}
	EndGlobalSection
EndGlobal
